
Microsoft Visual Studio Solution File, Format Version 12.00
# Visual Studio Version 16
VisualStudioVersion = 16.0.30503.244
MinimumVisualStudioVersion = 10.0.40219.1
Project("{FAE04EC0-301F-11D3-BF4B-00C04F79EFBC}") = "ContosoUniversity", "ContosoUniversity\ContosoUniversity.csproj", "{2FB2463C-834B-4ED3-9E10-80DF150544C0}"
EndProject
Project("{2150E333-8FDC-42A3-9474-1A3956D46DE8}") = "Solution Items", "Solution Items", "{B0E774E5-731F-4035-9ABE-1C03A06E6D84}"
EndProject
Global
	GlobalSection(SolutionConfigurationPlatforms) = preSolution
		Debug|Any CPU = Debug|Any CPU
		Release|Any CPU = Release|Any CPU
	EndGlobalSection
	GlobalSection(ProjectConfigurationPlatforms) = postSolution
		{2FB2463C-834B-4ED3-9E10-80DF150544C0}.Debug|Any CPU.ActiveCfg = Debug|Any CPU
		{2FB2463C-834B-4ED3-9E10-80DF150544C0}.Debug|Any CPU.Build.0 = Debug|Any CPU
		{2FB2463C-834B-4ED3-9E10-80DF150544C0}.Release|Any CPU.ActiveCfg = Release|Any CPU
		{2FB2463C-834B-4ED3-9E10-80DF150544C0}.Release|Any CPU.Build.0 = Release|Any CPU
	EndGlobalSection
	GlobalSection(SolutionProperties) = preSolution
		HideSolutionNode = FALSE
	EndGlobalSection
	GlobalSection(ExtensibilityGlobals) = postSolution
		SolutionGuid = {8523EC37-34A8-4857-8826-4778C73BC74A}
	EndGlobalSection
EndGlobal
